// !$*UTF8*$!
{
	archiveVersion = 1;
	classes = {
	};
	objectVersion = 48;
	objects = {

/* Begin PBXBuildFile section */
		6B34C9911FE43D95005E6FBE /* AppDelegate.swift in Sources */ = {isa = PBXBuildFile; fileRef = 6B34C9901FE43D95005E6FBE /* AppDelegate.swift */; };
		6B34C9961FE43D95005E6FBE /* Main.storyboard in Resources */ = {isa = PBXBuildFile; fileRef = 6B34C9941FE43D95005E6FBE /* Main.storyboard */; };
		6B34C9981FE43D95005E6FBE /* Assets.xcassets in Resources */ = {isa = PBXBuildFile; fileRef = 6B34C9971FE43D95005E6FBE /* Assets.xcassets */; };
		6B34C99B1FE43D95005E6FBE /* LaunchScreen.storyboard in Resources */ = {isa = PBXBuildFile; fileRef = 6B34C9991FE43D95005E6FBE /* LaunchScreen.storyboard */; };
		6B34C9A31FE43F17005E6FBE /* ListTableViewController.swift in Sources */ = {isa = PBXBuildFile; fileRef = 6B34C9A21FE43F17005E6FBE /* ListTableViewController.swift */; };
		6B34C9A51FE44552005E6FBE /* TaskCell.swift in Sources */ = {isa = PBXBuildFile; fileRef = 6B34C9A41FE44552005E6FBE /* TaskCell.swift */; };
		6B34C9A71FE44584005E6FBE /* IconCell.swift in Sources */ = {isa = PBXBuildFile; fileRef = 6B34C9A61FE44584005E6FBE /* IconCell.swift */; };
		6B34C9A91FE4459B005E6FBE /* HeaderView.swift in Sources */ = {isa = PBXBuildFile; fileRef = 6B34C9A81FE4459B005E6FBE /* HeaderView.swift */; };
		6B34C9AB1FE446D6005E6FBE /* IconsViewController.swift in Sources */ = {isa = PBXBuildFile; fileRef = 6B34C9AA1FE446D6005E6FBE /* IconsViewController.swift */; };
		6B34C9AD1FE44924005E6FBE /* TaskManager.swift in Sources */ = {isa = PBXBuildFile; fileRef = 6B34C9AC1FE44924005E6FBE /* TaskManager.swift */; };
/* End PBXBuildFile section */

/* Begin PBXFileReference section */
		6B34C98D1FE43D95005E6FBE /* reMIND.app */ = {isa = PBXFileReference; explicitFileType = wrapper.application; includeInIndex = 0; path = reMIND.app; sourceTree = BUILT_PRODUCTS_DIR; };
		6B34C9901FE43D95005E6FBE /* AppDelegate.swift */ = {isa = PBXFileReference; lastKnownFileType = sourcecode.swift; path = AppDelegate.swift; sourceTree = "<group>"; };
		6B34C9951FE43D95005E6FBE /* Base */ = {isa = PBXFileReference; lastKnownFileType = file.storyboard; name = Base; path = Base.lproj/Main.storyboard; sourceTree = "<group>"; };
		6B34C9971FE43D95005E6FBE /* Assets.xcassets */ = {isa = PBXFileReference; lastKnownFileType = folder.assetcatalog; path = Assets.xcassets; sourceTree = "<group>"; };
		6B34C99A1FE43D95005E6FBE /* Base */ = {isa = PBXFileReference; lastKnownFileType = file.storyboard; name = Base; path = Base.lproj/LaunchScreen.storyboard; sourceTree = "<group>"; };
		6B34C99C1FE43D95005E6FBE /* Info.plist */ = {isa = PBXFileReference; lastKnownFileType = text.plist.xml; path = Info.plist; sourceTree = "<group>"; };
		6B34C9A21FE43F17005E6FBE /* ListTableViewController.swift */ = {isa = PBXFileReference; lastKnownFileType = sourcecode.swift; path = ListTableViewController.swift; sourceTree = "<group>"; };
		6B34C9A41FE44552005E6FBE /* TaskCell.swift */ = {isa = PBXFileReference; lastKnownFileType = sourcecode.swift; path = TaskCell.swift; sourceTree = "<group>"; };
		6B34C9A61FE44584005E6FBE /* IconCell.swift */ = {isa = PBXFileReference; lastKnownFileType = sourcecode.swift; path = IconCell.swift; sourceTree = "<group>"; };
		6B34C9A81FE4459B005E6FBE /* HeaderView.swift */ = {isa = PBXFileReference; lastKnownFileType = sourcecode.swift; path = HeaderView.swift; sourceTree = "<group>"; };
		6B34C9AA1FE446D6005E6FBE /* IconsViewController.swift */ = {isa = PBXFileReference; lastKnownFileType = sourcecode.swift; path = IconsViewController.swift; sourceTree = "<group>"; };
		6B34C9AC1FE44924005E6FBE /* TaskManager.swift */ = {isa = PBXFileReference; lastKnownFileType = sourcecode.swift; path = TaskManager.swift; sourceTree = "<group>"; };
/* End PBXFileReference section */

/* Begin PBXFrameworksBuildPhase section */
		6B34C98A1FE43D94005E6FBE /* Frameworks */ = {
			isa = PBXFrameworksBuildPhase;
			buildActionMask = 2147483647;
			files = (
			);
			runOnlyForDeploymentPostprocessing = 0;
		};
/* End PBXFrameworksBuildPhase section */

/* Begin PBXGroup section */
		6B34C9841FE43D94005E6FBE = {
			isa = PBXGroup;
			children = (
				6B34C98F1FE43D95005E6FBE /* reMIND */,
				6B34C98E1FE43D95005E6FBE /* Products */,
			);
			sourceTree = "<group>";
		};
		6B34C98E1FE43D95005E6FBE /* Products */ = {
			isa = PBXGroup;
			children = (
				6B34C98D1FE43D95005E6FBE /* reMIND.app */,
			);
			name = Products;
			sourceTree = "<group>";
		};
		6B34C98F1FE43D95005E6FBE /* reMIND */ = {
			isa = PBXGroup;
			children = (
				6B34C9901FE43D95005E6FBE /* AppDelegate.swift */,
				6B34C9941FE43D95005E6FBE /* Main.storyboard */,
				6B34C9A21FE43F17005E6FBE /* ListTableViewController.swift */,
				6B34C9A41FE44552005E6FBE /* TaskCell.swift */,
				6B34C9A61FE44584005E6FBE /* IconCell.swift */,
				6B34C9A81FE4459B005E6FBE /* HeaderView.swift */,
				6B34C9AA1FE446D6005E6FBE /* IconsViewController.swift */,
				6B34C9AC1FE44924005E6FBE /* TaskManager.swift */,
				6B34C9971FE43D95005E6FBE /* Assets.xcassets */,
				6B34C9991FE43D95005E6FBE /* LaunchScreen.storyboard */,
				6B34C99C1FE43D95005E6FBE /* Info.plist */,
			);
			path = reMIND;
			sourceTree = "<group>";
		};
/* End PBXGroup section */

/* Begin PBXNativeTarget section */
		6B34C98C1FE43D94005E6FBE /* reMIND */ = {
			isa = PBXNativeTarget;
			buildConfigurationList = 6B34C99F1FE43D95005E6FBE /* Build configuration list for PBXNativeTarget "reMIND" */;
			buildPhases = (
				6B34C9891FE43D94005E6FBE /* Sources */,
				6B34C98A1FE43D94005E6FBE /* Frameworks */,
				6B34C98B1FE43D94005E6FBE /* Resources */,
			);
			buildRules = (
			);
			dependencies = (
			);
			name = reMIND;
			productName = reMIND;
			productReference = 6B34C98D1FE43D95005E6FBE /* reMIND.app */;
			productType = "com.apple.product-type.application";
		};
/* End PBXNativeTarget section */

/* Begin PBXProject section */
		6B34C9851FE43D94005E6FBE /* Project object */ = {
			isa = PBXProject;
			attributes = {
				LastSwiftUpdateCheck = 0920;
				LastUpgradeCheck = 0920;
				ORGANIZATIONNAME = CrisBarreiro;
				TargetAttributes = {
					6B34C98C1FE43D94005E6FBE = {
						CreatedOnToolsVersion = 9.2;
						ProvisioningStyle = Automatic;
					};
				};
			};
			buildConfigurationList = 6B34C9881FE43D94005E6FBE /* Build configuration list for PBXProject "reMIND" */;
			compatibilityVersion = "Xcode 8.0";
			developmentRegion = en;
			hasScannedForEncodings = 0;
			knownRegions = (
				en,
				Base,
			);
			mainGroup = 6B34C9841FE43D94005E6FBE;
			productRefGroup = 6B34C98E1FE43D95005E6FBE /* Products */;
			projectDirPath = "";
			projectRoot = "";
			targets = (
				6B34C98C1FE43D94005E6FBE /* reMIND */,
			);
		};
/* End PBXProject section */

/* Begin PBXResourcesBuildPhase section */
		6B34C98B1FE43D94005E6FBE /* Resources */ = {
			isa = PBXResourcesBuildPhase;
			buildActionMask = 2147483647;
			files = (
				6B34C99B1FE43D95005E6FBE /* LaunchScreen.storyboard in Resources */,
				6B34C9981FE43D95005E6FBE /* Assets.xcassets in Resources */,
				6B34C9961FE43D95005E6FBE /* Main.storyboard in Resources */,
			);
			runOnlyForDeploymentPostprocessing = 0;
		};
/* End PBXResourcesBuildPhase section */

/* Begin PBXSourcesBuildPhase section */
		6B34C9891FE43D94005E6FBE /* Sources */ = {
			isa = PBXSourcesBuildPhase;
			buildActionMask = 2147483647;
			files = (
				6B34C9A91FE4459B005E6FBE /* HeaderView.swift in Sources */,
				6B34C9AB1FE446D6005E6FBE /* IconsViewController.swift in Sources */,
				6B34C9911FE43D95005E6FBE /* AppDelegate.swift in Sources */,
				6B34C9A71FE44584005E6FBE /* IconCell.swift in Sources */,
				6B34C9A51FE44552005E6FBE /* TaskCell.swift in Sources */,
				6B34C9AD1FE44924005E6FBE /* TaskManager.swift in Sources */,
				6B34C9A31FE43F17005E6FBE /* ListTableViewController.swift in Sources */,
			);
			runOnlyForDeploymentPostprocessing = 0;
		};
/* End PBXSourcesBuildPhase section */

/* Begin PBXVariantGroup section */
		6B34C9941FE43D95005E6FBE /* Main.storyboard */ = {
			isa = PBXVariantGroup;
			children = (
				6B34C9951FE43D95005E6FBE /* Base */,
			);
			name = Main.storyboard;
			sourceTree = "<group>";
		};
		6B34C9991FE43D95005E6FBE /* LaunchScreen.storyboard */ = {
			isa = PBXVariantGroup;
			children = (
				6B34C99A1FE43D95005E6FBE /* Base */,
			);
			name = LaunchScreen.storyboard;
			sourceTree = "<group>";
		};
/* End PBXVariantGroup section */

/* Begin XCBuildConfiguration section */
		6B34C99D1FE43D95005E6FBE /* Debug */ = {
			isa = XCBuildConfiguration;
			buildSettings = {
				ALWAYS_SEARCH_USER_PATHS = NO;
				CLANG_ANALYZER_NONNULL = YES;
				CLANG_ANALYZER_NUMBER_OBJECT_CONVERSION = YES_AGGRESSIVE;
				CLANG_CXX_LANGUAGE_STANDARD = "gnu++14";
				CLANG_CXX_LIBRARY = "libc++";
				CLANG_ENABLE_MODULES = YES;
				CLANG_ENABLE_OBJC_ARC = YES;
				CLANG_WARN_BLOCK_CAPTURE_AUTORELEASING = YES;
				CLANG_WARN_BOOL_CONVERSION = YES;
				CLANG_WARN_COMMA = YES;
				CLANG_WARN_CONSTANT_CONVERSION = YES;
				CLANG_WARN_DIRECT_OBJC_ISA_USAGE = YES_ERROR;
				CLANG_WARN_DOCUMENTATION_COMMENTS = YES;
				CLANG_WARN_EMPTY_BODY = YES;
				CLANG_WARN_ENUM_CONVERSION = YES;
				CLANG_WARN_INFINITE_RECURSION = YES;
				CLANG_WARN_INT_CONVERSION = YES;
				CLANG_WARN_NON_LITERAL_NULL_CONVERSION = YES;
				CLANG_WARN_OBJC_LITERAL_CONVERSION = YES;
				CLANG_WARN_OBJC_ROOT_CLASS = YES_ERROR;
				CLANG_WARN_RANGE_LOOP_ANALYSIS = YES;
				CLANG_WARN_STRICT_PROTOTYPES = YES;
				CLANG_WARN_SUSPICIOUS_MOVE = YES;
				CLANG_WARN_UNGUARDED_AVAILABILITY = YES_AGGRESSIVE;
				CLANG_WARN_UNREACHABLE_CODE = YES;
				CLANG_WARN__DUPLICATE_METHOD_MATCH = YES;
				CODE_SIGN_IDENTITY = "iPhone Developer";
				COPY_PHASE_STRIP = NO;
				DEBUG_INFORMATION_FORMAT = dwarf;
				ENABLE_STRICT_OBJC_MSGSEND = YES;
				ENABLE_TESTABILITY = YES;
				GCC_C_LANGUAGE_STANDARD = gnu11;
				GCC_DYNAMIC_NO_PIC = NO;
				GCC_NO_COMMON_BLOCKS = YES;
				GCC_OPTIMIZATION_LEVEL = 0;
				GCC_PREPROCESSOR_DEFINITIONS = (
					"DEBUG=1",
					"$(inherited)",
				);
				GCC_WARN_64_TO_32_BIT_CONVERSION = YES;
				GCC_WARN_ABOUT_RETURN_TYPE = YES_ERROR;
				GCC_WARN_UNDECLARED_SELECTOR = YES;
				GCC_WARN_UNINITIALIZED_AUTOS = YES_AGGRESSIVE;
				GCC_WARN_UNUSED_FUNCTION = YES;
				GCC_WARN_UNUSED_VARIABLE = YES;
				IPHONEOS_DEPLOYMENT_TARGET = 11.2;
				MTL_ENABLE_DEBUG_INFO = YES;
				ONLY_ACTIVE_ARCH = YES;
				SDKROOT = iphoneos;
				SWIFT_ACTIVE_COMPILATION_CONDITIONS = DEBUG;
				SWIFT_OPTIMIZATION_LEVEL = "-Onone";
			};
			name = Debug;
		};
		6B34C99E1FE43D95005E6FBE /* Release */ = {
			isa = XCBuildConfiguration;
			buildSettings = {
				ALWAYS_SEARCH_USER_PATHS = NO;
				CLANG_ANALYZER_NONNULL = YES;
				CLANG_ANALYZER_NUMBER_OBJECT_CONVERSION = YES_AGGRESSIVE;
				CLANG_CXX_LANGUAGE_STANDARD = "gnu++14";
				CLANG_CXX_LIBRARY = "libc++";
				CLANG_ENABLE_MODULES = YES;
				CLANG_ENABLE_OBJC_ARC = YES;
				CLANG_WARN_BLOCK_CAPTURE_AUTORELEASING = YES;
				CLANG_WARN_BOOL_CONVERSION = YES;
				CLANG_WARN_COMMA = YES;
				CLANG_WARN_CONSTANT_CONVERSION = YES;
				CLANG_WARN_DIRECT_OBJC_ISA_USAGE = YES_ERROR;
				CLANG_WARN_DOCUMENTATION_COMMENTS = YES;
				CLANG_WARN_EMPTY_BODY = YES;
				CLANG_WARN_ENUM_CONVERSION = YES;
				CLANG_WARN_INFINITE_RECURSION = YES;
				CLANG_WARN_INT_CONVERSION = YES;
				CLANG_WARN_NON_LITERAL_NULL_CONVERSION = YES;
				CLANG_WARN_OBJC_LITERAL_CONVERSION = YES;
				CLANG_WARN_OBJC_ROOT_CLASS = YES_ERROR;
				CLANG_WARN_RANGE_LOOP_ANALYSIS = YES;
				CLANG_WARN_STRICT_PROTOTYPES = YES;
				CLANG_WARN_SUSPICIOUS_MOVE = YES;
				CLANG_WARN_UNGUARDED_AVAILABILITY = YES_AGGRESSIVE;
				CLANG_WARN_UNREACHABLE_CODE = YES;
				CLANG_WARN__DUPLICATE_METHOD_MATCH = YES;
				CODE_SIGN_IDENTITY = "iPhone Developer";
				COPY_PHASE_STRIP = NO;
				DEBUG_INFORMATION_FORMAT = "dwarf-with-dsym";
				ENABLE_NS_ASSERTIONS = NO;
				ENABLE_STRICT_OBJC_MSGSEND = YES;
				GCC_C_LANGUAGE_STANDARD = gnu11;
				GCC_NO_COMMON_BLOCKS = YES;
				GCC_WARN_64_TO_32_BIT_CONVERSION = YES;
				GCC_WARN_ABOUT_RETURN_TYPE = YES_ERROR;
				GCC_WARN_UNDECLARED_SELECTOR = YES;
				GCC_WARN_UNINITIALIZED_AUTOS = YES_AGGRESSIVE;
				GCC_WARN_UNUSED_FUNCTION = YES;
				GCC_WARN_UNUSED_VARIABLE = YES;
				IPHONEOS_DEPLOYMENT_TARGET = 11.2;
				MTL_ENABLE_DEBUG_INFO = NO;
				SDKROOT = iphoneos;
				SWIFT_OPTIMIZATION_LEVEL = "-Owholemodule";
				VALIDATE_PRODUCT = YES;
			};
			name = Release;
		};
		6B34C9A01FE43D95005E6FBE /* Debug */ = {
			isa = XCBuildConfiguration;
			buildSettings = {
				ASSETCATALOG_COMPILER_APPICON_NAME = AppIcon;
				CODE_SIGN_STYLE = Automatic;
				INFOPLIST_FILE = reMIND/Info.plist;
				LD_RUNPATH_SEARCH_PATHS = "$(inherited) @executable_path/Frameworks";
				PRODUCT_BUNDLE_IDENTIFIER = com.CrisBarreiro.reMIND;
				PRODUCT_NAME = "$(TARGET_NAME)";
				SWIFT_VERSION = 4.0;
				TARGETED_DEVICE_FAMILY = "1,2";
			};
			name = Debug;
		};
		6B34C9A11FE43D95005E6FBE /* Release */ = {
			isa = XCBuildConfiguration;
			buildSettings = {
				ASSETCATALOG_COMPILER_APPICON_NAME = AppIcon;
				CODE_SIGN_STYLE = Automatic;
				INFOPLIST_FILE = reMIND/Info.plist;
				LD_RUNPATH_SEARCH_PATHS = "$(inherited) @executable_path/Frameworks";
				PRODUCT_BUNDLE_IDENTIFIER = com.CrisBarreiro.reMIND;
				PRODUCT_NAME = "$(TARGET_NAME)";
				SWIFT_VERSION = 4.0;
				TARGETED_DEVICE_FAMILY = "1,2";
			};
			name = Release;
		};
/* End XCBuildConfiguration section */

/* Begin XCConfigurationList section */
		6B34C9881FE43D94005E6FBE /* Build configuration list for PBXProject "reMIND" */ = {
			isa = XCConfigurationList;
			buildConfigurations = (
				6B34C99D1FE43D95005E6FBE /* Debug */,
				6B34C99E1FE43D95005E6FBE /* Release */,
			);
			defaultConfigurationIsVisible = 0;
			defaultConfigurationName = Release;
		};
		6B34C99F1FE43D95005E6FBE /* Build configuration list for PBXNativeTarget "reMIND" */ = {
			isa = XCConfigurationList;
			buildConfigurations = (
				6B34C9A01FE43D95005E6FBE /* Debug */,
				6B34C9A11FE43D95005E6FBE /* Release */,
			);
			defaultConfigurationIsVisible = 0;
			defaultConfigurationName = Release;
		};
/* End XCConfigurationList section */
	};
	rootObject = 6B34C9851FE43D94005E6FBE /* Project object */;
}
